// !$*UTF8*$!
{
	archiveVersion = 1;
	classes = {
	};
	objectVersion = 56;
	objects = {

/* Begin PBXBuildFile section */
		4D19F2DB291FBFCF002696D4 /* main.cpp in Sources */ = {isa = PBXBuildFile; fileRef = 4D19F2DA291FBFCF002696D4 /* main.cpp */; };
		4D19F2E3291FBFD8002696D4 /* GLUT.framework in Frameworks */ = {isa = PBXBuildFile; fileRef = 4D19F2E2291FBFD8002696D4 /* GLUT.framework */; };
		4D19F2E5291FBFE5002696D4 /* OpenGL.framework in Frameworks */ = {isa = PBXBuildFile; fileRef = 4D19F2E4291FBFE5002696D4 /* OpenGL.framework */; };
		4D19F2E8291FBFF8002696D4 /* functions.cpp in Sources */ = {isa = PBXBuildFile; fileRef = 4D19F2E6291FBFF8002696D4 /* functions.cpp */; };
		4D19F2EB291FC004002696D4 /* constants.cpp in Sources */ = {isa = PBXBuildFile; fileRef = 4D19F2E9291FC004002696D4 /* constants.cpp */; };
		4D19F2EE291FC017002696D4 /* CWall.cpp in Sources */ = {isa = PBXBuildFile; fileRef = 4D19F2EC291FC017002696D4 /* CWall.cpp */; };
		4D19F2F1291FC045002696D4 /* CSphere.cpp in Sources */ = {isa = PBXBuildFile; fileRef = 4D19F2EF291FC045002696D4 /* CSphere.cpp */; };
/* End PBXBuildFile section */

/* Begin PBXCopyFilesBuildPhase section */
		4D19F2D5291FBFCF002696D4 /* CopyFiles */ = {
			isa = PBXCopyFilesBuildPhase;
			buildActionMask = 2147483647;
			dstPath = /usr/share/man/man1/;
			dstSubfolderSpec = 0;
			files = (
			);
			runOnlyForDeploymentPostprocessing = 1;
		};
/* End PBXCopyFilesBuildPhase section */

/* Begin PBXFileReference section */
		4D19F2D7291FBFCF002696D4 /* Arkanoid */ = {isa = PBXFileReference; explicitFileType = "compiled.mach-o.executable"; includeInIndex = 0; path = Arkanoid; sourceTree = BUILT_PRODUCTS_DIR; };
		4D19F2DA291FBFCF002696D4 /* main.cpp */ = {isa = PBXFileReference; lastKnownFileType = sourcecode.cpp.cpp; path = main.cpp; sourceTree = "<group>"; };
		4D19F2E2291FBFD8002696D4 /* GLUT.framework */ = {isa = PBXFileReference; lastKnownFileType = wrapper.framework; name = GLUT.framework; path = System/Library/Frameworks/GLUT.framework; sourceTree = SDKROOT; };
		4D19F2E4291FBFE5002696D4 /* OpenGL.framework */ = {isa = PBXFileReference; lastKnownFileType = wrapper.framework; name = OpenGL.framework; path = System/Library/Frameworks/OpenGL.framework; sourceTree = SDKROOT; };
		4D19F2E6291FBFF8002696D4 /* functions.cpp */ = {isa = PBXFileReference; lastKnownFileType = sourcecode.cpp.cpp; path = functions.cpp; sourceTree = "<group>"; };
		4D19F2E7291FBFF8002696D4 /* functions.hpp */ = {isa = PBXFileReference; lastKnownFileType = sourcecode.cpp.h; path = functions.hpp; sourceTree = "<group>"; };
		4D19F2E9291FC004002696D4 /* constants.cpp */ = {isa = PBXFileReference; lastKnownFileType = sourcecode.cpp.cpp; path = constants.cpp; sourceTree = "<group>"; };
		4D19F2EA291FC004002696D4 /* constants.hpp */ = {isa = PBXFileReference; lastKnownFileType = sourcecode.cpp.h; path = constants.hpp; sourceTree = "<group>"; };
		4D19F2EC291FC017002696D4 /* CWall.cpp */ = {isa = PBXFileReference; lastKnownFileType = sourcecode.cpp.cpp; path = CWall.cpp; sourceTree = "<group>"; };
		4D19F2ED291FC017002696D4 /* CWall.hpp */ = {isa = PBXFileReference; lastKnownFileType = sourcecode.cpp.h; path = CWall.hpp; sourceTree = "<group>"; };
		4D19F2EF291FC045002696D4 /* CSphere.cpp */ = {isa = PBXFileReference; lastKnownFileType = sourcecode.cpp.cpp; path = CSphere.cpp; sourceTree = "<group>"; };
		4D19F2F0291FC045002696D4 /* CSphere.hpp */ = {isa = PBXFileReference; lastKnownFileType = sourcecode.cpp.h; path = CSphere.hpp; sourceTree = "<group>"; };
/* End PBXFileReference section */

/* Begin PBXFrameworksBuildPhase section */
		4D19F2D4291FBFCF002696D4 /* Frameworks */ = {
			isa = PBXFrameworksBuildPhase;
			buildActionMask = 2147483647;
			files = (
				4D19F2E3291FBFD8002696D4 /* GLUT.framework in Frameworks */,
				4D19F2E5291FBFE5002696D4 /* OpenGL.framework in Frameworks */,
			);
			runOnlyForDeploymentPostprocessing = 0;
		};
/* End PBXFrameworksBuildPhase section */

/* Begin PBXGroup section */
		4D19F2CE291FBFCF002696D4 = {
			isa = PBXGroup;
			children = (
				4D19F2D9291FBFCF002696D4 /* Arkanoid */,
				4D19F2D8291FBFCF002696D4 /* Products */,
				4D19F2E1291FBFD8002696D4 /* Frameworks */,
			);
			sourceTree = "<group>";
		};
		4D19F2D8291FBFCF002696D4 /* Products */ = {
			isa = PBXGroup;
			children = (
				4D19F2D7291FBFCF002696D4 /* Arkanoid */,
			);
			name = Products;
			sourceTree = "<group>";
		};
		4D19F2D9291FBFCF002696D4 /* Arkanoid */ = {
			isa = PBXGroup;
			children = (
				4D19F2DA291FBFCF002696D4 /* main.cpp */,
				4D19F2EC291FC017002696D4 /* CWall.cpp */,
				4D19F2ED291FC017002696D4 /* CWall.hpp */,
				4D19F2EF291FC045002696D4 /* CSphere.cpp */,
				4D19F2F0291FC045002696D4 /* CSphere.hpp */,
				4D19F2E9291FC004002696D4 /* constants.cpp */,
				4D19F2EA291FC004002696D4 /* constants.hpp */,
				4D19F2E6291FBFF8002696D4 /* functions.cpp */,
				4D19F2E7291FBFF8002696D4 /* functions.hpp */,
			);
			path = Arkanoid;
			sourceTree = "<group>";
		};
		4D19F2E1291FBFD8002696D4 /* Frameworks */ = {
			isa = PBXGroup;
			children = (
				4D19F2E4291FBFE5002696D4 /* OpenGL.framework */,
				4D19F2E2291FBFD8002696D4 /* GLUT.framework */,
			);
			name = Frameworks;
			sourceTree = "<group>";
		};
/* End PBXGroup section */

/* Begin PBXNativeTarget section */
		4D19F2D6291FBFCF002696D4 /* Arkanoid */ = {
			isa = PBXNativeTarget;
			buildConfigurationList = 4D19F2DE291FBFCF002696D4 /* Build configuration list for PBXNativeTarget "Arkanoid" */;
			buildPhases = (
				4D19F2D3291FBFCF002696D4 /* Sources */,
				4D19F2D4291FBFCF002696D4 /* Frameworks */,
				4D19F2D5291FBFCF002696D4 /* CopyFiles */,
			);
			buildRules = (
			);
			dependencies = (
			);
			name = Arkanoid;
			productName = Arkanoid;
			productReference = 4D19F2D7291FBFCF002696D4 /* Arkanoid */;
			productType = "com.apple.product-type.tool";
		};
/* End PBXNativeTarget section */

/* Begin PBXProject section */
		4D19F2CF291FBFCF002696D4 /* Project object */ = {
			isa = PBXProject;
			attributes = {
				BuildIndependentTargetsInParallel = 1;
				LastUpgradeCheck = 1410;
				TargetAttributes = {
					4D19F2D6291FBFCF002696D4 = {
						CreatedOnToolsVersion = 14.1;
					};
				};
			};
			buildConfigurationList = 4D19F2D2291FBFCF002696D4 /* Build configuration list for PBXProject "Arkanoid" */;
			compatibilityVersion = "Xcode 14.0";
			developmentRegion = en;
			hasScannedForEncodings = 0;
			knownRegions = (
				en,
				Base,
			);
			mainGroup = 4D19F2CE291FBFCF002696D4;
			productRefGroup = 4D19F2D8291FBFCF002696D4 /* Products */;
			projectDirPath = "";
			projectRoot = "";
			targets = (
				4D19F2D6291FBFCF002696D4 /* Arkanoid */,
			);
		};
/* End PBXProject section */

/* Begin PBXSourcesBuildPhase section */
		4D19F2D3291FBFCF002696D4 /* Sources */ = {
			isa = PBXSourcesBuildPhase;
			buildActionMask = 2147483647;
			files = (
				4D19F2DB291FBFCF002696D4 /* main.cpp in Sources */,
				4D19F2F1291FC045002696D4 /* CSphere.cpp in Sources */,
				4D19F2EE291FC017002696D4 /* CWall.cpp in Sources */,
				4D19F2E8291FBFF8002696D4 /* functions.cpp in Sources */,
				4D19F2EB291FC004002696D4 /* constants.cpp in Sources */,
			);
			runOnlyForDeploymentPostprocessing = 0;
		};
/* End PBXSourcesBuildPhase section */

/* Begin XCBuildConfiguration section */
		4D19F2DC291FBFCF002696D4 /* Debug */ = {
			isa = XCBuildConfiguration;
			buildSettings = {
				ALWAYS_SEARCH_USER_PATHS = NO;
				CLANG_ANALYZER_NONNULL = YES;
				CLANG_ANALYZER_NUMBER_OBJECT_CONVERSION = YES_AGGRESSIVE;
				CLANG_CXX_LANGUAGE_STANDARD = "gnu++20";
				CLANG_ENABLE_MODULES = YES;
				CLANG_ENABLE_OBJC_ARC = YES;
				CLANG_ENABLE_OBJC_WEAK = YES;
				CLANG_WARN_BLOCK_CAPTURE_AUTORELEASING = YES;
				CLANG_WARN_BOOL_CONVERSION = YES;
				CLANG_WARN_COMMA = YES;
				CLANG_WARN_CONSTANT_CONVERSION = YES;
				CLANG_WARN_DEPRECATED_OBJC_IMPLEMENTATIONS = YES;
				CLANG_WARN_DIRECT_OBJC_ISA_USAGE = YES_ERROR;
				CLANG_WARN_DOCUMENTATION_COMMENTS = YES;
				CLANG_WARN_EMPTY_BODY = YES;
				CLANG_WARN_ENUM_CONVERSION = YES;
				CLANG_WARN_INFINITE_RECURSION = YES;
				CLANG_WARN_INT_CONVERSION = YES;
				CLANG_WARN_NON_LITERAL_NULL_CONVERSION = YES;
				CLANG_WARN_OBJC_IMPLICIT_RETAIN_SELF = YES;
				CLANG_WARN_OBJC_LITERAL_CONVERSION = YES;
				CLANG_WARN_OBJC_ROOT_CLASS = YES_ERROR;
				CLANG_WARN_QUOTED_INCLUDE_IN_FRAMEWORK_HEADER = YES;
				CLANG_WARN_RANGE_LOOP_ANALYSIS = YES;
				CLANG_WARN_STRICT_PROTOTYPES = YES;
				CLANG_WARN_SUSPICIOUS_MOVE = YES;
				CLANG_WARN_UNGUARDED_AVAILABILITY = YES_AGGRESSIVE;
				CLANG_WARN_UNREACHABLE_CODE = YES;
				CLANG_WARN__DUPLICATE_METHOD_MATCH = YES;
				COPY_PHASE_STRIP = NO;
				DEBUG_INFORMATION_FORMAT = dwarf;
				ENABLE_STRICT_OBJC_MSGSEND = YES;
				ENABLE_TESTABILITY = YES;
				GCC_C_LANGUAGE_STANDARD = gnu11;
				GCC_DYNAMIC_NO_PIC = NO;
				GCC_NO_COMMON_BLOCKS = YES;
				GCC_OPTIMIZATION_LEVEL = 0;
				GCC_PREPROCESSOR_DEFINITIONS = (
					"DEBUG=1",
					"$(inherited)",
				);
				GCC_WARN_64_TO_32_BIT_CONVERSION = YES;
				GCC_WARN_ABOUT_RETURN_TYPE = YES_ERROR;
				GCC_WARN_UNDECLARED_SELECTOR = YES;
				GCC_WARN_UNINITIALIZED_AUTOS = YES_AGGRESSIVE;
				GCC_WARN_UNUSED_FUNCTION = YES;
				GCC_WARN_UNUSED_VARIABLE = YES;
				MACOSX_DEPLOYMENT_TARGET = 12.5;
				MTL_ENABLE_DEBUG_INFO = INCLUDE_SOURCE;
				MTL_FAST_MATH = YES;
				ONLY_ACTIVE_ARCH = YES;
				SDKROOT = macosx;
			};
			name = Debug;
		};
		4D19F2DD291FBFCF002696D4 /* Release */ = {
			isa = XCBuildConfiguration;
			buildSettings = {
				ALWAYS_SEARCH_USER_PATHS = NO;
				CLANG_ANALYZER_NONNULL = YES;
				CLANG_ANALYZER_NUMBER_OBJECT_CONVERSION = YES_AGGRESSIVE;
				CLANG_CXX_LANGUAGE_STANDARD = "gnu++20";
				CLANG_ENABLE_MODULES = YES;
				CLANG_ENABLE_OBJC_ARC = YES;
				CLANG_ENABLE_OBJC_WEAK = YES;
				CLANG_WARN_BLOCK_CAPTURE_AUTORELEASING = YES;
				CLANG_WARN_BOOL_CONVERSION = YES;
				CLANG_WARN_COMMA = YES;
				CLANG_WARN_CONSTANT_CONVERSION = YES;
				CLANG_WARN_DEPRECATED_OBJC_IMPLEMENTATIONS = YES;
				CLANG_WARN_DIRECT_OBJC_ISA_USAGE = YES_ERROR;
				CLANG_WARN_DOCUMENTATION_COMMENTS = YES;
				CLANG_WARN_EMPTY_BODY = YES;
				CLANG_WARN_ENUM_CONVERSION = YES;
				CLANG_WARN_INFINITE_RECURSION = YES;
				CLANG_WARN_INT_CONVERSION = YES;
				CLANG_WARN_NON_LITERAL_NULL_CONVERSION = YES;
				CLANG_WARN_OBJC_IMPLICIT_RETAIN_SELF = YES;
				CLANG_WARN_OBJC_LITERAL_CONVERSION = YES;
				CLANG_WARN_OBJC_ROOT_CLASS = YES_ERROR;
				CLANG_WARN_QUOTED_INCLUDE_IN_FRAMEWORK_HEADER = YES;
				CLANG_WARN_RANGE_LOOP_ANALYSIS = YES;
				CLANG_WARN_STRICT_PROTOTYPES = YES;
				CLANG_WARN_SUSPICIOUS_MOVE = YES;
				CLANG_WARN_UNGUARDED_AVAILABILITY = YES_AGGRESSIVE;
				CLANG_WARN_UNREACHABLE_CODE = YES;
				CLANG_WARN__DUPLICATE_METHOD_MATCH = YES;
				COPY_PHASE_STRIP = NO;
				DEBUG_INFORMATION_FORMAT = "dwarf-with-dsym";
				ENABLE_NS_ASSERTIONS = NO;
				ENABLE_STRICT_OBJC_MSGSEND = YES;
				GCC_C_LANGUAGE_STANDARD = gnu11;
				GCC_NO_COMMON_BLOCKS = YES;
				GCC_WARN_64_TO_32_BIT_CONVERSION = YES;
				GCC_WARN_ABOUT_RETURN_TYPE = YES_ERROR;
				GCC_WARN_UNDECLARED_SELECTOR = YES;
				GCC_WARN_UNINITIALIZED_AUTOS = YES_AGGRESSIVE;
				GCC_WARN_UNUSED_FUNCTION = YES;
				GCC_WARN_UNUSED_VARIABLE = YES;
				MACOSX_DEPLOYMENT_TARGET = 12.5;
				MTL_ENABLE_DEBUG_INFO = NO;
				MTL_FAST_MATH = YES;
				SDKROOT = macosx;
			};
			name = Release;
		};
		4D19F2DF291FBFCF002696D4 /* Debug */ = {
			isa = XCBuildConfiguration;
			buildSettings = {
				CODE_SIGN_STYLE = Automatic;
				DEVELOPMENT_TEAM = T24N5ZR2DS;
				ENABLE_HARDENED_RUNTIME = YES;
				ENABLE_TESTABILITY = NO;
				GCC_NO_COMMON_BLOCKS = NO;
				PRODUCT_NAME = "$(TARGET_NAME)";
			};
			name = Debug;
		};
		4D19F2E0291FBFCF002696D4 /* Release */ = {
			isa = XCBuildConfiguration;
			buildSettings = {
				CODE_SIGN_STYLE = Automatic;
				DEVELOPMENT_TEAM = T24N5ZR2DS;
				ENABLE_HARDENED_RUNTIME = YES;
				ENABLE_TESTABILITY = NO;
				GCC_NO_COMMON_BLOCKS = NO;
				PRODUCT_NAME = "$(TARGET_NAME)";
			};
			name = Release;
		};
/* End XCBuildConfiguration section */

/* Begin XCConfigurationList section */
		4D19F2D2291FBFCF002696D4 /* Build configuration list for PBXProject "Arkanoid" */ = {
			isa = XCConfigurationList;
			buildConfigurations = (
				4D19F2DC291FBFCF002696D4 /* Debug */,
				4D19F2DD291FBFCF002696D4 /* Release */,
			);
			defaultConfigurationIsVisible = 0;
			defaultConfigurationName = Release;
		};
		4D19F2DE291FBFCF002696D4 /* Build configuration list for PBXNativeTarget "Arkanoid" */ = {
			isa = XCConfigurationList;
			buildConfigurations = (
				4D19F2DF291FBFCF002696D4 /* Debug */,
				4D19F2E0291FBFCF002696D4 /* Release */,
			);
			defaultConfigurationIsVisible = 0;
			defaultConfigurationName = Release;
		};
/* End XCConfigurationList section */
	};
	rootObject = 4D19F2CF291FBFCF002696D4 /* Project object */;
}
